
Microsoft Visual Studio Solution File, Format Version 12.00
# Visual Studio 15
VisualStudioVersion = 15.0.28307.1300
MinimumVisualStudioVersion = 10.0.40219.1
Project("{FAE04EC0-301F-11D3-BF4B-00C04F79EFBC}") = "WindowsService1", "WindowsService1\WindowsService1.csproj", "{95C58D43-B035-4639-9ED5-2E75A93F820F}"
EndProject
Global
	GlobalSection(SolutionConfigurationPlatforms) = preSolution
		Debug|Any CPU = Debug|Any CPU
		Release|Any CPU = Release|Any CPU
	EndGlobalSection
	GlobalSection(ProjectConfigurationPlatforms) = postSolution
		{95C58D43-B035-4639-9ED5-2E75A93F820F}.Debug|Any CPU.ActiveCfg = Debug|Any CPU
		{95C58D43-B035-4639-9ED5-2E75A93F820F}.Debug|Any CPU.Build.0 = Debug|Any CPU
		{95C58D43-B035-4639-9ED5-2E75A93F820F}.Release|Any CPU.ActiveCfg = Release|Any CPU
		{95C58D43-B035-4639-9ED5-2E75A93F820F}.Release|Any CPU.Build.0 = Release|Any CPU
	EndGlobalSection
	GlobalSection(SolutionProperties) = preSolution
		HideSolutionNode = FALSE
	EndGlobalSection
	GlobalSection(ExtensibilityGlobals) = postSolution
		SolutionGuid = {A7F20631-7BC0-445E-8F19-CDBE220319F2}
	EndGlobalSection
EndGlobal
